
Microsoft Visual Studio Solution File, Format Version 12.00
# Visual Studio Version 16
VisualStudioVersion = 16.0.30907.101
MinimumVisualStudioVersion = 10.0.40219.1
Project("{FAE04EC0-301F-11D3-BF4B-00C04F79EFBC}") = "Halforbit.DocumentStores", "Halforbit.DocumentStores\Halforbit.DocumentStores.csproj", "{C48DF09F-78D2-4BC8-B1A2-DCC49F3904EE}"
EndProject
Project("{FAE04EC0-301F-11D3-BF4B-00C04F79EFBC}") = "Halforbit.DocumentStores.Tests", "Halforbit.DocumentStores.Tests\Halforbit.DocumentStores.Tests.csproj", "{EE8E1162-6304-4AD8-AA3A-BE816E95CA7E}"
EndProject
Project("{FAE04EC0-301F-11D3-BF4B-00C04F79EFBC}") = "Halforbit.DocumentStores.CosmosDb", "Halforbit.DocumentStores.CosmosDb\Halforbit.DocumentStores.CosmosDb.csproj", "{0376A958-2FD6-4B29-A67A-894A5F6A9495}"
EndProject
Global
	GlobalSection(SolutionConfigurationPlatforms) = preSolution
		Debug|Any CPU = Debug|Any CPU
		Release|Any CPU = Release|Any CPU
	EndGlobalSection
	GlobalSection(ProjectConfigurationPlatforms) = postSolution
		{C48DF09F-78D2-4BC8-B1A2-DCC49F3904EE}.Debug|Any CPU.ActiveCfg = Debug|Any CPU
		{C48DF09F-78D2-4BC8-B1A2-DCC49F3904EE}.Debug|Any CPU.Build.0 = Debug|Any CPU
		{C48DF09F-78D2-4BC8-B1A2-DCC49F3904EE}.Release|Any CPU.ActiveCfg = Release|Any CPU
		{C48DF09F-78D2-4BC8-B1A2-DCC49F3904EE}.Release|Any CPU.Build.0 = Release|Any CPU
		{EE8E1162-6304-4AD8-AA3A-BE816E95CA7E}.Debug|Any CPU.ActiveCfg = Debug|Any CPU
		{EE8E1162-6304-4AD8-AA3A-BE816E95CA7E}.Debug|Any CPU.Build.0 = Debug|Any CPU
		{EE8E1162-6304-4AD8-AA3A-BE816E95CA7E}.Release|Any CPU.ActiveCfg = Release|Any CPU
		{EE8E1162-6304-4AD8-AA3A-BE816E95CA7E}.Release|Any CPU.Build.0 = Release|Any CPU
		{0376A958-2FD6-4B29-A67A-894A5F6A9495}.Debug|Any CPU.ActiveCfg = Debug|Any CPU
		{0376A958-2FD6-4B29-A67A-894A5F6A9495}.Debug|Any CPU.Build.0 = Debug|Any CPU
		{0376A958-2FD6-4B29-A67A-894A5F6A9495}.Release|Any CPU.ActiveCfg = Release|Any CPU
		{0376A958-2FD6-4B29-A67A-894A5F6A9495}.Release|Any CPU.Build.0 = Release|Any CPU
	EndGlobalSection
	GlobalSection(SolutionProperties) = preSolution
		HideSolutionNode = FALSE
	EndGlobalSection
	GlobalSection(ExtensibilityGlobals) = postSolution
		SolutionGuid = {A7570FB6-3B4D-4B93-BD56-6A91BA67C2EC}
	EndGlobalSection
EndGlobal
